
Microsoft Visual Studio Solution File, Format Version 12.00
# Visual Studio Version 17
VisualStudioVersion = 17.4.33110.190
MinimumVisualStudioVersion = 10.0.40219.1
Project("{FAE04EC0-301F-11D3-BF4B-00C04F79EFBC}") = "WPFReactiveUI", "WPFReactiveUI\WPFReactiveUI.csproj", "{AD08179D-61C9-45FE-9A21-C20D7F63CE30}"
EndProject
Global
	GlobalSection(SolutionConfigurationPlatforms) = preSolution
		Debug|Any CPU = Debug|Any CPU
		Release|Any CPU = Release|Any CPU
	EndGlobalSection
	GlobalSection(ProjectConfigurationPlatforms) = postSolution
		{AD08179D-61C9-45FE-9A21-C20D7F63CE30}.Debug|Any CPU.ActiveCfg = Debug|Any CPU
		{AD08179D-61C9-45FE-9A21-C20D7F63CE30}.Debug|Any CPU.Build.0 = Debug|Any CPU
		{AD08179D-61C9-45FE-9A21-C20D7F63CE30}.Release|Any CPU.ActiveCfg = Release|Any CPU
		{AD08179D-61C9-45FE-9A21-C20D7F63CE30}.Release|Any CPU.Build.0 = Release|Any CPU
	EndGlobalSection
	GlobalSection(SolutionProperties) = preSolution
		HideSolutionNode = FALSE
	EndGlobalSection
	GlobalSection(ExtensibilityGlobals) = postSolution
		SolutionGuid = {CA4DEDB2-C4EE-48A2-96B1-07D983B0ED6F}
	EndGlobalSection
EndGlobal
